
Microsoft Visual Studio Solution File, Format Version 12.00
# Visual Studio Version 17
VisualStudioVersion = 17.3.32901.215
MinimumVisualStudioVersion = 10.0.40219.1
Project("{2150E333-8FDC-42A3-9474-1A3956D46DE8}") = "test", "test", "{61FB361A-AF23-4DD5-8FBF-743E232B36C3}"
EndProject
Project("{9A19103F-16F7-4668-BE54-9A1E7A4F7556}") = "Data.Cqrs.Common.Tests", "test\Data.Cqrs.Common.Tests\Data.Cqrs.Common.Tests.csproj", "{1E3182D1-8D1E-4912-807F-89D824691608}"
EndProject
Project("{9A19103F-16F7-4668-BE54-9A1E7A4F7556}") = "Data.Cqrs.Common", "src\Data.Cqrs.Common\Data.Cqrs.Common.csproj", "{4AD71877-564A-4CA5-B968-F014E0E8F4DD}"
EndProject
Project("{9A19103F-16F7-4668-BE54-9A1E7A4F7556}") = "Data.Cqrs.EntityFrameworkCore.Tests", "test\Data.Cqrs.EntityFrameworkCore.Tests\Data.Cqrs.EntityFrameworkCore.Tests.csproj", "{6843CC91-D268-4E21-92A1-9257C037A050}"
EndProject
Project("{9A19103F-16F7-4668-BE54-9A1E7A4F7556}") = "Data.Cqrs.FreeSql", "src\Data.Cqrs.FreeSql\Data.Cqrs.FreeSql.csproj", "{CE5551A6-045A-4D67-B4D6-085DF17286A7}"
EndProject
Project("{9A19103F-16F7-4668-BE54-9A1E7A4F7556}") = "Data.Cqrs.FreeSql.Tests", "test\Data.Cqrs.FreeSql.Tests\Data.Cqrs.FreeSql.Tests.csproj", "{9CEE869E-A0CE-4445-B03B-60363FBC8772}"
EndProject
Project("{9A19103F-16F7-4668-BE54-9A1E7A4F7556}") = "Data.Cqrs.EntityFrameworkCore", "src\Data.Cqrs.EntityFrameworkCore\Data.Cqrs.EntityFrameworkCore.csproj", "{BF95CFA0-CAA7-40F4-82B6-337ECB844D6F}"
EndProject
Global
	GlobalSection(SolutionConfigurationPlatforms) = preSolution
		Debug|Any CPU = Debug|Any CPU
		Release|Any CPU = Release|Any CPU
	EndGlobalSection
	GlobalSection(ProjectConfigurationPlatforms) = postSolution
		{1E3182D1-8D1E-4912-807F-89D824691608}.Debug|Any CPU.ActiveCfg = Debug|Any CPU
		{1E3182D1-8D1E-4912-807F-89D824691608}.Debug|Any CPU.Build.0 = Debug|Any CPU
		{1E3182D1-8D1E-4912-807F-89D824691608}.Release|Any CPU.ActiveCfg = Release|Any CPU
		{1E3182D1-8D1E-4912-807F-89D824691608}.Release|Any CPU.Build.0 = Release|Any CPU
		{4AD71877-564A-4CA5-B968-F014E0E8F4DD}.Debug|Any CPU.ActiveCfg = Debug|Any CPU
		{4AD71877-564A-4CA5-B968-F014E0E8F4DD}.Debug|Any CPU.Build.0 = Debug|Any CPU
		{4AD71877-564A-4CA5-B968-F014E0E8F4DD}.Release|Any CPU.ActiveCfg = Release|Any CPU
		{4AD71877-564A-4CA5-B968-F014E0E8F4DD}.Release|Any CPU.Build.0 = Release|Any CPU
		{6843CC91-D268-4E21-92A1-9257C037A050}.Debug|Any CPU.ActiveCfg = Debug|Any CPU
		{6843CC91-D268-4E21-92A1-9257C037A050}.Debug|Any CPU.Build.0 = Debug|Any CPU
		{6843CC91-D268-4E21-92A1-9257C037A050}.Release|Any CPU.ActiveCfg = Release|Any CPU
		{6843CC91-D268-4E21-92A1-9257C037A050}.Release|Any CPU.Build.0 = Release|Any CPU
		{CE5551A6-045A-4D67-B4D6-085DF17286A7}.Debug|Any CPU.ActiveCfg = Debug|Any CPU
		{CE5551A6-045A-4D67-B4D6-085DF17286A7}.Debug|Any CPU.Build.0 = Debug|Any CPU
		{CE5551A6-045A-4D67-B4D6-085DF17286A7}.Release|Any CPU.ActiveCfg = Release|Any CPU
		{CE5551A6-045A-4D67-B4D6-085DF17286A7}.Release|Any CPU.Build.0 = Release|Any CPU
		{9CEE869E-A0CE-4445-B03B-60363FBC8772}.Debug|Any CPU.ActiveCfg = Debug|Any CPU
		{9CEE869E-A0CE-4445-B03B-60363FBC8772}.Debug|Any CPU.Build.0 = Debug|Any CPU
		{9CEE869E-A0CE-4445-B03B-60363FBC8772}.Release|Any CPU.ActiveCfg = Release|Any CPU
		{9CEE869E-A0CE-4445-B03B-60363FBC8772}.Release|Any CPU.Build.0 = Release|Any CPU
		{BF95CFA0-CAA7-40F4-82B6-337ECB844D6F}.Debug|Any CPU.ActiveCfg = Debug|Any CPU
		{BF95CFA0-CAA7-40F4-82B6-337ECB844D6F}.Debug|Any CPU.Build.0 = Debug|Any CPU
		{BF95CFA0-CAA7-40F4-82B6-337ECB844D6F}.Release|Any CPU.ActiveCfg = Release|Any CPU
		{BF95CFA0-CAA7-40F4-82B6-337ECB844D6F}.Release|Any CPU.Build.0 = Release|Any CPU
	EndGlobalSection
	GlobalSection(SolutionProperties) = preSolution
		HideSolutionNode = FALSE
	EndGlobalSection
	GlobalSection(NestedProjects) = preSolution
		{1E3182D1-8D1E-4912-807F-89D824691608} = {61FB361A-AF23-4DD5-8FBF-743E232B36C3}
		{6843CC91-D268-4E21-92A1-9257C037A050} = {61FB361A-AF23-4DD5-8FBF-743E232B36C3}
		{9CEE869E-A0CE-4445-B03B-60363FBC8772} = {61FB361A-AF23-4DD5-8FBF-743E232B36C3}
	EndGlobalSection
	GlobalSection(ExtensibilityGlobals) = postSolution
		SolutionGuid = {2C10B008-A44E-408B-80F1-430F4077D7F2}
	EndGlobalSection
EndGlobal
